
Microsoft Visual Studio Solution File, Format Version 12.00
# Visual Studio Version 17
VisualStudioVersion = 17.0.31611.283
MinimumVisualStudioVersion = 10.0.40219.1
Project("{2150E333-8FDC-42A3-9474-1A3956D46DE8}") = "Übung 08 - Hello .NET MAUI", "Übung 08 - Hello .NET MAUI", "{4BF3349A-A056-48FA-BE48-9575DE2937DB}"
EndProject
Project("{2150E333-8FDC-42A3-9474-1A3956D46DE8}") = "Übung 09 - Layouts und Views", "Übung 09 - Layouts und Views", "{80C73F13-AB02-4129-A140-9439E977A017}"
EndProject
Project("{2150E333-8FDC-42A3-9474-1A3956D46DE8}") = "Übung 10 - Resources, Styles und Theming", "Übung 10 - Resources, Styles und Theming", "{04F72BA1-0993-41AD-8B11-0555F42E4E47}"
EndProject
Project("{2150E333-8FDC-42A3-9474-1A3956D46DE8}") = "Übung 11 - Data Binding", "Übung 11 - Data Binding", "{E868A552-E932-41A8-8F1B-2AE42FE6DBE5}"
EndProject
Project("{2150E333-8FDC-42A3-9474-1A3956D46DE8}") = "Übung 12 - MVVM", "Übung 12 - MVVM", "{DA47FA2E-2DF3-4A38-A74D-36FA6BFA7D6B}"
EndProject
Project("{2150E333-8FDC-42A3-9474-1A3956D46DE8}") = "Übung 13 - Solution Design und Threading", "Übung 13 - Solution Design und Threading", "{B5087735-AADB-4CBA-9396-4C9E92C764DE}"
EndProject
Project("{2150E333-8FDC-42A3-9474-1A3956D46DE8}") = "Übung 14 - WPF", "Übung 14 - WPF", "{2BCEE936-9852-45B9-B4A3-324D578B0F87}"
EndProject
Project("{2150E333-8FDC-42A3-9474-1A3956D46DE8}") = "Aufgabe", "Aufgabe", "{E3C81E97-1966-462D-843F-85DE9B3F57CA}"
EndProject
Project("{2150E333-8FDC-42A3-9474-1A3956D46DE8}") = "Lösung", "Lösung", "{AD78E36F-0692-405D-AA64-17F38CE5AC58}"
EndProject
Project("{9A19103F-16F7-4668-BE54-9A1E7A4F7556}") = "U08_03", "U08_Aufgabe\U08_03\U08_03.csproj", "{CE25AB2F-6599-44D5-B71A-AF9D1CA5DBE9}"
EndProject
Project("{9A19103F-16F7-4668-BE54-9A1E7A4F7556}") = "U08_03", "U08_Loesung\U08_03\U08_03.csproj", "{033FFBFC-8B42-4425-AFE1-607AEB4EE61A}"
EndProject
Project("{2150E333-8FDC-42A3-9474-1A3956D46DE8}") = "Aufgabe", "Aufgabe", "{F157A359-7DCA-415A-94EC-ECB0596ADA54}"
EndProject
Project("{2150E333-8FDC-42A3-9474-1A3956D46DE8}") = "Lösung", "Lösung", "{01556F66-18E0-4FAC-BC66-F4CD4CCB6959}"
EndProject
Project("{9A19103F-16F7-4668-BE54-9A1E7A4F7556}") = "U09_01", "U09_Loesung\U09_01\U09_01.csproj", "{74CF6642-85FD-4543-89A2-3E3388542EC5}"
EndProject
Project("{9A19103F-16F7-4668-BE54-9A1E7A4F7556}") = "U09_02", "U09_Loesung\U09_02\U09_02.csproj", "{54E2F30D-5676-480F-8239-4C424A2BD04F}"
EndProject
Project("{9A19103F-16F7-4668-BE54-9A1E7A4F7556}") = "U09_04", "U09_Loesung\U09_04\U09_04.csproj", "{3717DBD8-1925-477D-AF1D-B2D2F13B0993}"
EndProject
Project("{2150E333-8FDC-42A3-9474-1A3956D46DE8}") = "Aufgabe", "Aufgabe", "{6FCE4F32-3E08-482D-ADBC-9AC416BF48B6}"
EndProject
Project("{9A19103F-16F7-4668-BE54-9A1E7A4F7556}") = "U10_01", "U10_Aufgabe\U10_01\U10_01.csproj", "{FBCF2F0F-4BEC-4785-BEF8-8874424BC636}"
EndProject
Project("{2150E333-8FDC-42A3-9474-1A3956D46DE8}") = "Lösung", "Lösung", "{C89FE8F2-A562-4A60-8E40-C87393BB28B8}"
EndProject
Project("{9A19103F-16F7-4668-BE54-9A1E7A4F7556}") = "U10_01", "U10_Loesung\U10_01\U10_01.csproj", "{7ABC185F-57C7-4114-8CB1-70047F87F0A8}"
EndProject
Project("{9A19103F-16F7-4668-BE54-9A1E7A4F7556}") = "U10_02", "U10_Loesung\U10_02\U10_02.csproj", "{73D7CC1B-7541-4725-89ED-5EFCB28DCCEE}"
EndProject
Project("{9A19103F-16F7-4668-BE54-9A1E7A4F7556}") = "U10_03", "U10_Loesung\U10_03\U10_03.csproj", "{6CB8E416-57C7-4E28-92A8-4C06FCC495D5}"
EndProject
Project("{2150E333-8FDC-42A3-9474-1A3956D46DE8}") = "Aufgabe", "Aufgabe", "{09181519-0B50-4171-8042-0BC261BECEFA}"
EndProject
Project("{9A19103F-16F7-4668-BE54-9A1E7A4F7556}") = "U11_01", "U11_Aufgabe\U11_01\U11_01.csproj", "{500263C5-D9C0-463E-AC18-2B928A1E0167}"
EndProject
Project("{2150E333-8FDC-42A3-9474-1A3956D46DE8}") = "Lösung", "Lösung", "{1BAD5FE6-5C92-4331-BD2C-1130566420A9}"
EndProject
Project("{9A19103F-16F7-4668-BE54-9A1E7A4F7556}") = "U11_01", "U11_Loesung\U11_01\U11_01.csproj", "{F011A539-D996-452C-805B-886900ACC403}"
EndProject
Project("{9A19103F-16F7-4668-BE54-9A1E7A4F7556}") = "U11_02", "U11_Loesung\U11_02\U11_02.csproj", "{FC203509-5746-4349-9D19-9349D039BAA1}"
EndProject
Project("{9A19103F-16F7-4668-BE54-9A1E7A4F7556}") = "U11_03", "U11_Loesung\U11_03\U11_03.csproj", "{9BDA41B7-B6CA-4CC0-A8ED-F0BA4F6812AD}"
EndProject
Project("{2150E333-8FDC-42A3-9474-1A3956D46DE8}") = "Aufgabe", "Aufgabe", "{2E65AE41-A324-4015-83C7-9AF6CF89158F}"
EndProject
Project("{9A19103F-16F7-4668-BE54-9A1E7A4F7556}") = "AsciiArt", "U12_Aufgabe\AsciiArt\AsciiArt.csproj", "{6CC74085-7293-42CE-8427-AB1663A5DB4D}"
EndProject
Project("{2150E333-8FDC-42A3-9474-1A3956D46DE8}") = "Lösung", "Lösung", "{4950C09C-8B27-497A-9C77-A524B1BE9C94}"
EndProject
Project("{9A19103F-16F7-4668-BE54-9A1E7A4F7556}") = "AsciiArt", "U12_Loesung\AsciiArt\AsciiArt.csproj", "{503CAD9D-1B21-4B6D-B1EE-28B09341215E}"
EndProject
Project("{2150E333-8FDC-42A3-9474-1A3956D46DE8}") = "Aufgabe", "Aufgabe", "{50C1C6CD-8E69-475C-AE56-95CAE8C44E5E}"
EndProject
Project("{2150E333-8FDC-42A3-9474-1A3956D46DE8}") = "Lösung", "Lösung", "{469EB3CD-1606-4C54-9491-3C5050C272A9}"
EndProject
Project("{9A19103F-16F7-4668-BE54-9A1E7A4F7556}") = "AsciiArt.Core", "U13_Loesung\AsciiArt.Core\AsciiArt.Core.csproj", "{94D5A576-5FC9-410A-A68F-CACDA55BA0B5}"
EndProject
Project("{9A19103F-16F7-4668-BE54-9A1E7A4F7556}") = "AsciiArt.MAUI", "U13_Loesung\AsciiArt.MAUI\AsciiArt.MAUI.csproj", "{F5545957-7B18-4C74-8386-A714D89301D9}"
EndProject
Project("{9A19103F-16F7-4668-BE54-9A1E7A4F7556}") = "AsciiArt.Tests", "U13_Loesung\AsciiArt.Tests\AsciiArt.Tests.csproj", "{05C56AC1-7F4A-4462-9D7F-CD434425296A}"
EndProject
Project("{2150E333-8FDC-42A3-9474-1A3956D46DE8}") = "Aufgabe", "Aufgabe", "{6A180D5B-77B2-4AC5-9391-0C178B0C0530}"
EndProject
Project("{9A19103F-16F7-4668-BE54-9A1E7A4F7556}") = "AsciiArt.Core", "U14_Aufgabe\AsciiArt.Core\AsciiArt.Core.csproj", "{4F9FC0CF-3A14-414F-AAF9-3E6DA66432A3}"
EndProject
Project("{9A19103F-16F7-4668-BE54-9A1E7A4F7556}") = "AsciiArt.MAUI", "U14_Aufgabe\AsciiArt.MAUI\AsciiArt.MAUI.csproj", "{AF10827B-5F1A-4260-AC47-A31581E24895}"
EndProject
Project("{9A19103F-16F7-4668-BE54-9A1E7A4F7556}") = "AsciiArt.Tests", "U14_Aufgabe\AsciiArt.Tests\AsciiArt.Tests.csproj", "{78DD5EDA-36B8-4230-867E-CF93BAF0F0DC}"
EndProject
Project("{9A19103F-16F7-4668-BE54-9A1E7A4F7556}") = "AsciiArt.WPF", "U14_Aufgabe\AsciiArt.WPF\AsciiArt.WPF.csproj", "{32ED7FFB-DAE7-4B39-88F3-878B4A37BF37}"
EndProject
Project("{2150E333-8FDC-42A3-9474-1A3956D46DE8}") = "Lösung", "Lösung", "{97BF20FF-7DFD-4717-BADD-D83A47D919BB}"
EndProject
Project("{9A19103F-16F7-4668-BE54-9A1E7A4F7556}") = "AsciiArt.Core", "U14_Loesung\AsciiArt.Core\AsciiArt.Core.csproj", "{3895F8AB-0DA0-40AC-B356-CAD231DBF42A}"
EndProject
Project("{9A19103F-16F7-4668-BE54-9A1E7A4F7556}") = "AsciiArt.MAUI", "U14_Loesung\AsciiArt.MAUI\AsciiArt.MAUI.csproj", "{6E5BD161-D61E-4291-9797-E6CC2A0AC0DC}"
EndProject
Project("{9A19103F-16F7-4668-BE54-9A1E7A4F7556}") = "AsciiArt.Tests", "U14_Loesung\AsciiArt.Tests\AsciiArt.Tests.csproj", "{9CEC3A6F-2B0C-4D32-92D0-8F49F8971D77}"
EndProject
Project("{9A19103F-16F7-4668-BE54-9A1E7A4F7556}") = "AsciiArt.WPF", "U14_Loesung\AsciiArt.WPF\AsciiArt.WPF.csproj", "{3CE78B6B-D325-4953-995D-162334D2B9E6}"
EndProject
Global
	GlobalSection(SolutionConfigurationPlatforms) = preSolution
		Debug|Any CPU = Debug|Any CPU
		Release|Any CPU = Release|Any CPU
	EndGlobalSection
	GlobalSection(ProjectConfigurationPlatforms) = postSolution
		{CE25AB2F-6599-44D5-B71A-AF9D1CA5DBE9}.Debug|Any CPU.ActiveCfg = Debug|Any CPU
		{CE25AB2F-6599-44D5-B71A-AF9D1CA5DBE9}.Debug|Any CPU.Build.0 = Debug|Any CPU
		{CE25AB2F-6599-44D5-B71A-AF9D1CA5DBE9}.Debug|Any CPU.Deploy.0 = Debug|Any CPU
		{CE25AB2F-6599-44D5-B71A-AF9D1CA5DBE9}.Release|Any CPU.ActiveCfg = Release|Any CPU
		{CE25AB2F-6599-44D5-B71A-AF9D1CA5DBE9}.Release|Any CPU.Build.0 = Release|Any CPU
		{CE25AB2F-6599-44D5-B71A-AF9D1CA5DBE9}.Release|Any CPU.Deploy.0 = Release|Any CPU
		{033FFBFC-8B42-4425-AFE1-607AEB4EE61A}.Debug|Any CPU.ActiveCfg = Debug|Any CPU
		{033FFBFC-8B42-4425-AFE1-607AEB4EE61A}.Debug|Any CPU.Build.0 = Debug|Any CPU
		{033FFBFC-8B42-4425-AFE1-607AEB4EE61A}.Debug|Any CPU.Deploy.0 = Debug|Any CPU
		{033FFBFC-8B42-4425-AFE1-607AEB4EE61A}.Release|Any CPU.ActiveCfg = Release|Any CPU
		{033FFBFC-8B42-4425-AFE1-607AEB4EE61A}.Release|Any CPU.Build.0 = Release|Any CPU
		{033FFBFC-8B42-4425-AFE1-607AEB4EE61A}.Release|Any CPU.Deploy.0 = Release|Any CPU
		{74CF6642-85FD-4543-89A2-3E3388542EC5}.Debug|Any CPU.ActiveCfg = Debug|Any CPU
		{74CF6642-85FD-4543-89A2-3E3388542EC5}.Debug|Any CPU.Build.0 = Debug|Any CPU
		{74CF6642-85FD-4543-89A2-3E3388542EC5}.Debug|Any CPU.Deploy.0 = Debug|Any CPU
		{74CF6642-85FD-4543-89A2-3E3388542EC5}.Release|Any CPU.ActiveCfg = Release|Any CPU
		{74CF6642-85FD-4543-89A2-3E3388542EC5}.Release|Any CPU.Build.0 = Release|Any CPU
		{74CF6642-85FD-4543-89A2-3E3388542EC5}.Release|Any CPU.Deploy.0 = Release|Any CPU
		{54E2F30D-5676-480F-8239-4C424A2BD04F}.Debug|Any CPU.ActiveCfg = Debug|Any CPU
		{54E2F30D-5676-480F-8239-4C424A2BD04F}.Debug|Any CPU.Build.0 = Debug|Any CPU
		{54E2F30D-5676-480F-8239-4C424A2BD04F}.Debug|Any CPU.Deploy.0 = Debug|Any CPU
		{54E2F30D-5676-480F-8239-4C424A2BD04F}.Release|Any CPU.ActiveCfg = Release|Any CPU
		{54E2F30D-5676-480F-8239-4C424A2BD04F}.Release|Any CPU.Build.0 = Release|Any CPU
		{54E2F30D-5676-480F-8239-4C424A2BD04F}.Release|Any CPU.Deploy.0 = Release|Any CPU
		{3717DBD8-1925-477D-AF1D-B2D2F13B0993}.Debug|Any CPU.ActiveCfg = Debug|Any CPU
		{3717DBD8-1925-477D-AF1D-B2D2F13B0993}.Debug|Any CPU.Build.0 = Debug|Any CPU
		{3717DBD8-1925-477D-AF1D-B2D2F13B0993}.Debug|Any CPU.Deploy.0 = Debug|Any CPU
		{3717DBD8-1925-477D-AF1D-B2D2F13B0993}.Release|Any CPU.ActiveCfg = Release|Any CPU
		{3717DBD8-1925-477D-AF1D-B2D2F13B0993}.Release|Any CPU.Build.0 = Release|Any CPU
		{3717DBD8-1925-477D-AF1D-B2D2F13B0993}.Release|Any CPU.Deploy.0 = Release|Any CPU
		{FBCF2F0F-4BEC-4785-BEF8-8874424BC636}.Debug|Any CPU.ActiveCfg = Debug|Any CPU
		{FBCF2F0F-4BEC-4785-BEF8-8874424BC636}.Debug|Any CPU.Build.0 = Debug|Any CPU
		{FBCF2F0F-4BEC-4785-BEF8-8874424BC636}.Debug|Any CPU.Deploy.0 = Debug|Any CPU
		{FBCF2F0F-4BEC-4785-BEF8-8874424BC636}.Release|Any CPU.ActiveCfg = Release|Any CPU
		{FBCF2F0F-4BEC-4785-BEF8-8874424BC636}.Release|Any CPU.Build.0 = Release|Any CPU
		{FBCF2F0F-4BEC-4785-BEF8-8874424BC636}.Release|Any CPU.Deploy.0 = Release|Any CPU
		{7ABC185F-57C7-4114-8CB1-70047F87F0A8}.Debug|Any CPU.ActiveCfg = Debug|Any CPU
		{7ABC185F-57C7-4114-8CB1-70047F87F0A8}.Debug|Any CPU.Build.0 = Debug|Any CPU
		{7ABC185F-57C7-4114-8CB1-70047F87F0A8}.Debug|Any CPU.Deploy.0 = Debug|Any CPU
		{7ABC185F-57C7-4114-8CB1-70047F87F0A8}.Release|Any CPU.ActiveCfg = Release|Any CPU
		{7ABC185F-57C7-4114-8CB1-70047F87F0A8}.Release|Any CPU.Build.0 = Release|Any CPU
		{7ABC185F-57C7-4114-8CB1-70047F87F0A8}.Release|Any CPU.Deploy.0 = Release|Any CPU
		{73D7CC1B-7541-4725-89ED-5EFCB28DCCEE}.Debug|Any CPU.ActiveCfg = Debug|Any CPU
		{73D7CC1B-7541-4725-89ED-5EFCB28DCCEE}.Debug|Any CPU.Build.0 = Debug|Any CPU
		{73D7CC1B-7541-4725-89ED-5EFCB28DCCEE}.Debug|Any CPU.Deploy.0 = Debug|Any CPU
		{73D7CC1B-7541-4725-89ED-5EFCB28DCCEE}.Release|Any CPU.ActiveCfg = Release|Any CPU
		{73D7CC1B-7541-4725-89ED-5EFCB28DCCEE}.Release|Any CPU.Build.0 = Release|Any CPU
		{73D7CC1B-7541-4725-89ED-5EFCB28DCCEE}.Release|Any CPU.Deploy.0 = Release|Any CPU
		{6CB8E416-57C7-4E28-92A8-4C06FCC495D5}.Debug|Any CPU.ActiveCfg = Debug|Any CPU
		{6CB8E416-57C7-4E28-92A8-4C06FCC495D5}.Debug|Any CPU.Build.0 = Debug|Any CPU
		{6CB8E416-57C7-4E28-92A8-4C06FCC495D5}.Debug|Any CPU.Deploy.0 = Debug|Any CPU
		{6CB8E416-57C7-4E28-92A8-4C06FCC495D5}.Release|Any CPU.ActiveCfg = Release|Any CPU
		{6CB8E416-57C7-4E28-92A8-4C06FCC495D5}.Release|Any CPU.Build.0 = Release|Any CPU
		{6CB8E416-57C7-4E28-92A8-4C06FCC495D5}.Release|Any CPU.Deploy.0 = Release|Any CPU
		{500263C5-D9C0-463E-AC18-2B928A1E0167}.Debug|Any CPU.ActiveCfg = Debug|Any CPU
		{500263C5-D9C0-463E-AC18-2B928A1E0167}.Debug|Any CPU.Build.0 = Debug|Any CPU
		{500263C5-D9C0-463E-AC18-2B928A1E0167}.Debug|Any CPU.Deploy.0 = Debug|Any CPU
		{500263C5-D9C0-463E-AC18-2B928A1E0167}.Release|Any CPU.ActiveCfg = Release|Any CPU
		{500263C5-D9C0-463E-AC18-2B928A1E0167}.Release|Any CPU.Build.0 = Release|Any CPU
		{500263C5-D9C0-463E-AC18-2B928A1E0167}.Release|Any CPU.Deploy.0 = Release|Any CPU
		{F011A539-D996-452C-805B-886900ACC403}.Debug|Any CPU.ActiveCfg = Debug|Any CPU
		{F011A539-D996-452C-805B-886900ACC403}.Debug|Any CPU.Build.0 = Debug|Any CPU
		{F011A539-D996-452C-805B-886900ACC403}.Debug|Any CPU.Deploy.0 = Debug|Any CPU
		{F011A539-D996-452C-805B-886900ACC403}.Release|Any CPU.ActiveCfg = Release|Any CPU
		{F011A539-D996-452C-805B-886900ACC403}.Release|Any CPU.Build.0 = Release|Any CPU
		{F011A539-D996-452C-805B-886900ACC403}.Release|Any CPU.Deploy.0 = Release|Any CPU
		{FC203509-5746-4349-9D19-9349D039BAA1}.Debug|Any CPU.ActiveCfg = Debug|Any CPU
		{FC203509-5746-4349-9D19-9349D039BAA1}.Debug|Any CPU.Build.0 = Debug|Any CPU
		{FC203509-5746-4349-9D19-9349D039BAA1}.Debug|Any CPU.Deploy.0 = Debug|Any CPU
		{FC203509-5746-4349-9D19-9349D039BAA1}.Release|Any CPU.ActiveCfg = Release|Any CPU
		{FC203509-5746-4349-9D19-9349D039BAA1}.Release|Any CPU.Build.0 = Release|Any CPU
		{FC203509-5746-4349-9D19-9349D039BAA1}.Release|Any CPU.Deploy.0 = Release|Any CPU
		{9BDA41B7-B6CA-4CC0-A8ED-F0BA4F6812AD}.Debug|Any CPU.ActiveCfg = Debug|Any CPU
		{9BDA41B7-B6CA-4CC0-A8ED-F0BA4F6812AD}.Debug|Any CPU.Build.0 = Debug|Any CPU
		{9BDA41B7-B6CA-4CC0-A8ED-F0BA4F6812AD}.Debug|Any CPU.Deploy.0 = Debug|Any CPU
		{9BDA41B7-B6CA-4CC0-A8ED-F0BA4F6812AD}.Release|Any CPU.ActiveCfg = Release|Any CPU
		{9BDA41B7-B6CA-4CC0-A8ED-F0BA4F6812AD}.Release|Any CPU.Build.0 = Release|Any CPU
		{9BDA41B7-B6CA-4CC0-A8ED-F0BA4F6812AD}.Release|Any CPU.Deploy.0 = Release|Any CPU
		{6CC74085-7293-42CE-8427-AB1663A5DB4D}.Debug|Any CPU.ActiveCfg = Debug|Any CPU
		{6CC74085-7293-42CE-8427-AB1663A5DB4D}.Debug|Any CPU.Build.0 = Debug|Any CPU
		{6CC74085-7293-42CE-8427-AB1663A5DB4D}.Debug|Any CPU.Deploy.0 = Debug|Any CPU
		{6CC74085-7293-42CE-8427-AB1663A5DB4D}.Release|Any CPU.ActiveCfg = Release|Any CPU
		{6CC74085-7293-42CE-8427-AB1663A5DB4D}.Release|Any CPU.Build.0 = Release|Any CPU
		{6CC74085-7293-42CE-8427-AB1663A5DB4D}.Release|Any CPU.Deploy.0 = Release|Any CPU
		{503CAD9D-1B21-4B6D-B1EE-28B09341215E}.Debug|Any CPU.ActiveCfg = Debug|Any CPU
		{503CAD9D-1B21-4B6D-B1EE-28B09341215E}.Debug|Any CPU.Build.0 = Debug|Any CPU
		{503CAD9D-1B21-4B6D-B1EE-28B09341215E}.Debug|Any CPU.Deploy.0 = Debug|Any CPU
		{503CAD9D-1B21-4B6D-B1EE-28B09341215E}.Release|Any CPU.ActiveCfg = Release|Any CPU
		{503CAD9D-1B21-4B6D-B1EE-28B09341215E}.Release|Any CPU.Build.0 = Release|Any CPU
		{503CAD9D-1B21-4B6D-B1EE-28B09341215E}.Release|Any CPU.Deploy.0 = Release|Any CPU
		{94D5A576-5FC9-410A-A68F-CACDA55BA0B5}.Debug|Any CPU.ActiveCfg = Debug|Any CPU
		{94D5A576-5FC9-410A-A68F-CACDA55BA0B5}.Debug|Any CPU.Build.0 = Debug|Any CPU
		{94D5A576-5FC9-410A-A68F-CACDA55BA0B5}.Release|Any CPU.ActiveCfg = Release|Any CPU
		{94D5A576-5FC9-410A-A68F-CACDA55BA0B5}.Release|Any CPU.Build.0 = Release|Any CPU
		{F5545957-7B18-4C74-8386-A714D89301D9}.Debug|Any CPU.ActiveCfg = Debug|Any CPU
		{F5545957-7B18-4C74-8386-A714D89301D9}.Debug|Any CPU.Build.0 = Debug|Any CPU
		{F5545957-7B18-4C74-8386-A714D89301D9}.Debug|Any CPU.Deploy.0 = Debug|Any CPU
		{F5545957-7B18-4C74-8386-A714D89301D9}.Release|Any CPU.ActiveCfg = Release|Any CPU
		{F5545957-7B18-4C74-8386-A714D89301D9}.Release|Any CPU.Build.0 = Release|Any CPU
		{F5545957-7B18-4C74-8386-A714D89301D9}.Release|Any CPU.Deploy.0 = Release|Any CPU
		{05C56AC1-7F4A-4462-9D7F-CD434425296A}.Debug|Any CPU.ActiveCfg = Debug|Any CPU
		{05C56AC1-7F4A-4462-9D7F-CD434425296A}.Debug|Any CPU.Build.0 = Debug|Any CPU
		{05C56AC1-7F4A-4462-9D7F-CD434425296A}.Release|Any CPU.ActiveCfg = Release|Any CPU
		{05C56AC1-7F4A-4462-9D7F-CD434425296A}.Release|Any CPU.Build.0 = Release|Any CPU
		{4F9FC0CF-3A14-414F-AAF9-3E6DA66432A3}.Debug|Any CPU.ActiveCfg = Debug|Any CPU
		{4F9FC0CF-3A14-414F-AAF9-3E6DA66432A3}.Debug|Any CPU.Build.0 = Debug|Any CPU
		{4F9FC0CF-3A14-414F-AAF9-3E6DA66432A3}.Release|Any CPU.ActiveCfg = Release|Any CPU
		{4F9FC0CF-3A14-414F-AAF9-3E6DA66432A3}.Release|Any CPU.Build.0 = Release|Any CPU
		{AF10827B-5F1A-4260-AC47-A31581E24895}.Debug|Any CPU.ActiveCfg = Debug|Any CPU
		{AF10827B-5F1A-4260-AC47-A31581E24895}.Debug|Any CPU.Build.0 = Debug|Any CPU
		{AF10827B-5F1A-4260-AC47-A31581E24895}.Debug|Any CPU.Deploy.0 = Debug|Any CPU
		{AF10827B-5F1A-4260-AC47-A31581E24895}.Release|Any CPU.ActiveCfg = Release|Any CPU
		{AF10827B-5F1A-4260-AC47-A31581E24895}.Release|Any CPU.Build.0 = Release|Any CPU
		{AF10827B-5F1A-4260-AC47-A31581E24895}.Release|Any CPU.Deploy.0 = Release|Any CPU
		{78DD5EDA-36B8-4230-867E-CF93BAF0F0DC}.Debug|Any CPU.ActiveCfg = Debug|Any CPU
		{78DD5EDA-36B8-4230-867E-CF93BAF0F0DC}.Debug|Any CPU.Build.0 = Debug|Any CPU
		{78DD5EDA-36B8-4230-867E-CF93BAF0F0DC}.Release|Any CPU.ActiveCfg = Release|Any CPU
		{78DD5EDA-36B8-4230-867E-CF93BAF0F0DC}.Release|Any CPU.Build.0 = Release|Any CPU
		{32ED7FFB-DAE7-4B39-88F3-878B4A37BF37}.Debug|Any CPU.ActiveCfg = Debug|Any CPU
		{32ED7FFB-DAE7-4B39-88F3-878B4A37BF37}.Debug|Any CPU.Build.0 = Debug|Any CPU
		{32ED7FFB-DAE7-4B39-88F3-878B4A37BF37}.Release|Any CPU.ActiveCfg = Release|Any CPU
		{32ED7FFB-DAE7-4B39-88F3-878B4A37BF37}.Release|Any CPU.Build.0 = Release|Any CPU
		{3895F8AB-0DA0-40AC-B356-CAD231DBF42A}.Debug|Any CPU.ActiveCfg = Debug|Any CPU
		{3895F8AB-0DA0-40AC-B356-CAD231DBF42A}.Debug|Any CPU.Build.0 = Debug|Any CPU
		{3895F8AB-0DA0-40AC-B356-CAD231DBF42A}.Release|Any CPU.ActiveCfg = Release|Any CPU
		{3895F8AB-0DA0-40AC-B356-CAD231DBF42A}.Release|Any CPU.Build.0 = Release|Any CPU
		{6E5BD161-D61E-4291-9797-E6CC2A0AC0DC}.Debug|Any CPU.ActiveCfg = Debug|Any CPU
		{6E5BD161-D61E-4291-9797-E6CC2A0AC0DC}.Debug|Any CPU.Build.0 = Debug|Any CPU
		{6E5BD161-D61E-4291-9797-E6CC2A0AC0DC}.Debug|Any CPU.Deploy.0 = Debug|Any CPU
		{6E5BD161-D61E-4291-9797-E6CC2A0AC0DC}.Release|Any CPU.ActiveCfg = Release|Any CPU
		{6E5BD161-D61E-4291-9797-E6CC2A0AC0DC}.Release|Any CPU.Build.0 = Release|Any CPU
		{6E5BD161-D61E-4291-9797-E6CC2A0AC0DC}.Release|Any CPU.Deploy.0 = Release|Any CPU
		{9CEC3A6F-2B0C-4D32-92D0-8F49F8971D77}.Debug|Any CPU.ActiveCfg = Debug|Any CPU
		{9CEC3A6F-2B0C-4D32-92D0-8F49F8971D77}.Debug|Any CPU.Build.0 = Debug|Any CPU
		{9CEC3A6F-2B0C-4D32-92D0-8F49F8971D77}.Release|Any CPU.ActiveCfg = Release|Any CPU
		{9CEC3A6F-2B0C-4D32-92D0-8F49F8971D77}.Release|Any CPU.Build.0 = Release|Any CPU
		{3CE78B6B-D325-4953-995D-162334D2B9E6}.Debug|Any CPU.ActiveCfg = Debug|Any CPU
		{3CE78B6B-D325-4953-995D-162334D2B9E6}.Debug|Any CPU.Build.0 = Debug|Any CPU
		{3CE78B6B-D325-4953-995D-162334D2B9E6}.Release|Any CPU.ActiveCfg = Release|Any CPU
		{3CE78B6B-D325-4953-995D-162334D2B9E6}.Release|Any CPU.Build.0 = Release|Any CPU
	EndGlobalSection
	GlobalSection(SolutionProperties) = preSolution
		HideSolutionNode = FALSE
	EndGlobalSection
	GlobalSection(NestedProjects) = preSolution
		{E3C81E97-1966-462D-843F-85DE9B3F57CA} = {4BF3349A-A056-48FA-BE48-9575DE2937DB}
		{AD78E36F-0692-405D-AA64-17F38CE5AC58} = {4BF3349A-A056-48FA-BE48-9575DE2937DB}
		{CE25AB2F-6599-44D5-B71A-AF9D1CA5DBE9} = {E3C81E97-1966-462D-843F-85DE9B3F57CA}
		{033FFBFC-8B42-4425-AFE1-607AEB4EE61A} = {AD78E36F-0692-405D-AA64-17F38CE5AC58}
		{F157A359-7DCA-415A-94EC-ECB0596ADA54} = {80C73F13-AB02-4129-A140-9439E977A017}
		{01556F66-18E0-4FAC-BC66-F4CD4CCB6959} = {80C73F13-AB02-4129-A140-9439E977A017}
		{74CF6642-85FD-4543-89A2-3E3388542EC5} = {01556F66-18E0-4FAC-BC66-F4CD4CCB6959}
		{54E2F30D-5676-480F-8239-4C424A2BD04F} = {01556F66-18E0-4FAC-BC66-F4CD4CCB6959}
		{3717DBD8-1925-477D-AF1D-B2D2F13B0993} = {01556F66-18E0-4FAC-BC66-F4CD4CCB6959}
		{6FCE4F32-3E08-482D-ADBC-9AC416BF48B6} = {04F72BA1-0993-41AD-8B11-0555F42E4E47}
		{FBCF2F0F-4BEC-4785-BEF8-8874424BC636} = {6FCE4F32-3E08-482D-ADBC-9AC416BF48B6}
		{C89FE8F2-A562-4A60-8E40-C87393BB28B8} = {04F72BA1-0993-41AD-8B11-0555F42E4E47}
		{7ABC185F-57C7-4114-8CB1-70047F87F0A8} = {C89FE8F2-A562-4A60-8E40-C87393BB28B8}
		{73D7CC1B-7541-4725-89ED-5EFCB28DCCEE} = {C89FE8F2-A562-4A60-8E40-C87393BB28B8}
		{6CB8E416-57C7-4E28-92A8-4C06FCC495D5} = {C89FE8F2-A562-4A60-8E40-C87393BB28B8}
		{09181519-0B50-4171-8042-0BC261BECEFA} = {E868A552-E932-41A8-8F1B-2AE42FE6DBE5}
		{500263C5-D9C0-463E-AC18-2B928A1E0167} = {09181519-0B50-4171-8042-0BC261BECEFA}
		{1BAD5FE6-5C92-4331-BD2C-1130566420A9} = {E868A552-E932-41A8-8F1B-2AE42FE6DBE5}
		{F011A539-D996-452C-805B-886900ACC403} = {1BAD5FE6-5C92-4331-BD2C-1130566420A9}
		{FC203509-5746-4349-9D19-9349D039BAA1} = {1BAD5FE6-5C92-4331-BD2C-1130566420A9}
		{9BDA41B7-B6CA-4CC0-A8ED-F0BA4F6812AD} = {1BAD5FE6-5C92-4331-BD2C-1130566420A9}
		{2E65AE41-A324-4015-83C7-9AF6CF89158F} = {DA47FA2E-2DF3-4A38-A74D-36FA6BFA7D6B}
		{6CC74085-7293-42CE-8427-AB1663A5DB4D} = {2E65AE41-A324-4015-83C7-9AF6CF89158F}
		{4950C09C-8B27-497A-9C77-A524B1BE9C94} = {DA47FA2E-2DF3-4A38-A74D-36FA6BFA7D6B}
		{503CAD9D-1B21-4B6D-B1EE-28B09341215E} = {4950C09C-8B27-497A-9C77-A524B1BE9C94}
		{50C1C6CD-8E69-475C-AE56-95CAE8C44E5E} = {B5087735-AADB-4CBA-9396-4C9E92C764DE}
		{469EB3CD-1606-4C54-9491-3C5050C272A9} = {B5087735-AADB-4CBA-9396-4C9E92C764DE}
		{94D5A576-5FC9-410A-A68F-CACDA55BA0B5} = {469EB3CD-1606-4C54-9491-3C5050C272A9}
		{F5545957-7B18-4C74-8386-A714D89301D9} = {469EB3CD-1606-4C54-9491-3C5050C272A9}
		{05C56AC1-7F4A-4462-9D7F-CD434425296A} = {469EB3CD-1606-4C54-9491-3C5050C272A9}
		{6A180D5B-77B2-4AC5-9391-0C178B0C0530} = {2BCEE936-9852-45B9-B4A3-324D578B0F87}
		{4F9FC0CF-3A14-414F-AAF9-3E6DA66432A3} = {6A180D5B-77B2-4AC5-9391-0C178B0C0530}
		{AF10827B-5F1A-4260-AC47-A31581E24895} = {6A180D5B-77B2-4AC5-9391-0C178B0C0530}
		{78DD5EDA-36B8-4230-867E-CF93BAF0F0DC} = {6A180D5B-77B2-4AC5-9391-0C178B0C0530}
		{32ED7FFB-DAE7-4B39-88F3-878B4A37BF37} = {6A180D5B-77B2-4AC5-9391-0C178B0C0530}
		{97BF20FF-7DFD-4717-BADD-D83A47D919BB} = {2BCEE936-9852-45B9-B4A3-324D578B0F87}
		{3895F8AB-0DA0-40AC-B356-CAD231DBF42A} = {97BF20FF-7DFD-4717-BADD-D83A47D919BB}
		{6E5BD161-D61E-4291-9797-E6CC2A0AC0DC} = {97BF20FF-7DFD-4717-BADD-D83A47D919BB}
		{9CEC3A6F-2B0C-4D32-92D0-8F49F8971D77} = {97BF20FF-7DFD-4717-BADD-D83A47D919BB}
		{3CE78B6B-D325-4953-995D-162334D2B9E6} = {97BF20FF-7DFD-4717-BADD-D83A47D919BB}
	EndGlobalSection
	GlobalSection(ExtensibilityGlobals) = postSolution
		SolutionGuid = {D47AD404-838E-4446-8D0B-12C10C2AC3D2}
	EndGlobalSection
EndGlobal
