
Microsoft Visual Studio Solution File, Format Version 12.00
# Visual Studio Version 17
VisualStudioVersion = 17.0.31611.283
MinimumVisualStudioVersion = 10.0.40219.1
Project("{9A19103F-16F7-4668-BE54-9A1E7A4F7556}") = "AsciiArt.Core", "AsciiArt.Core\AsciiArt.Core.csproj", "{B0FDD0D3-C277-4A56-BF3D-9E59341F9840}"
EndProject
Project("{9A19103F-16F7-4668-BE54-9A1E7A4F7556}") = "AsciiArt.MAUI", "AsciiArt.MAUI\AsciiArt.MAUI.csproj", "{D5EEF4FC-0A9E-495F-BD55-987B691717CB}"
EndProject
Project("{9A19103F-16F7-4668-BE54-9A1E7A4F7556}") = "AsciiArt.Tests", "AsciiArt.Tests\AsciiArt.Tests.csproj", "{3A90627C-70DC-4E89-B92B-210A20D3608C}"
EndProject
Project("{FAE04EC0-301F-11D3-BF4B-00C04F79EFBC}") = "AsciiArt.WPF", "AsciiArt.WPF\AsciiArt.WPF.csproj", "{89A0722D-4962-479A-9A30-6938EA7E16A8}"
EndProject
Global
	GlobalSection(SolutionConfigurationPlatforms) = preSolution
		Debug|Any CPU = Debug|Any CPU
		Release|Any CPU = Release|Any CPU
	EndGlobalSection
	GlobalSection(ProjectConfigurationPlatforms) = postSolution
		{B0FDD0D3-C277-4A56-BF3D-9E59341F9840}.Debug|Any CPU.ActiveCfg = Debug|Any CPU
		{B0FDD0D3-C277-4A56-BF3D-9E59341F9840}.Debug|Any CPU.Build.0 = Debug|Any CPU
		{B0FDD0D3-C277-4A56-BF3D-9E59341F9840}.Release|Any CPU.ActiveCfg = Release|Any CPU
		{B0FDD0D3-C277-4A56-BF3D-9E59341F9840}.Release|Any CPU.Build.0 = Release|Any CPU
		{D5EEF4FC-0A9E-495F-BD55-987B691717CB}.Debug|Any CPU.ActiveCfg = Debug|Any CPU
		{D5EEF4FC-0A9E-495F-BD55-987B691717CB}.Debug|Any CPU.Build.0 = Debug|Any CPU
		{D5EEF4FC-0A9E-495F-BD55-987B691717CB}.Debug|Any CPU.Deploy.0 = Debug|Any CPU
		{D5EEF4FC-0A9E-495F-BD55-987B691717CB}.Release|Any CPU.ActiveCfg = Release|Any CPU
		{D5EEF4FC-0A9E-495F-BD55-987B691717CB}.Release|Any CPU.Build.0 = Release|Any CPU
		{D5EEF4FC-0A9E-495F-BD55-987B691717CB}.Release|Any CPU.Deploy.0 = Release|Any CPU
		{3A90627C-70DC-4E89-B92B-210A20D3608C}.Debug|Any CPU.ActiveCfg = Debug|Any CPU
		{3A90627C-70DC-4E89-B92B-210A20D3608C}.Debug|Any CPU.Build.0 = Debug|Any CPU
		{3A90627C-70DC-4E89-B92B-210A20D3608C}.Release|Any CPU.ActiveCfg = Release|Any CPU
		{3A90627C-70DC-4E89-B92B-210A20D3608C}.Release|Any CPU.Build.0 = Release|Any CPU
		{89A0722D-4962-479A-9A30-6938EA7E16A8}.Debug|Any CPU.ActiveCfg = Debug|Any CPU
		{89A0722D-4962-479A-9A30-6938EA7E16A8}.Debug|Any CPU.Build.0 = Debug|Any CPU
		{89A0722D-4962-479A-9A30-6938EA7E16A8}.Release|Any CPU.ActiveCfg = Release|Any CPU
		{89A0722D-4962-479A-9A30-6938EA7E16A8}.Release|Any CPU.Build.0 = Release|Any CPU
	EndGlobalSection
	GlobalSection(SolutionProperties) = preSolution
		HideSolutionNode = FALSE
	EndGlobalSection
	GlobalSection(ExtensibilityGlobals) = postSolution
		SolutionGuid = {61F7FB11-1E47-470C-91E2-47F8143E1572}
	EndGlobalSection
EndGlobal
